
Microsoft Visual Studio Solution File, Format Version 12.00
# Visual Studio Version 16
VisualStudioVersion = 16.0.29215.179
MinimumVisualStudioVersion = 10.0.40219.1
Project("{2150E333-8FDC-42A3-9474-1A3956D46DE8}") = "UI", "UI", "{35CF7AD5-33AB-4C24-B6C0-6C18CE8658F0}"
	ProjectSection(SolutionItems) = preProject
		Logic.UI\ViewModelLocator.cs = Logic.UI\ViewModelLocator.cs
	EndProjectSection
EndProject
Project("{2150E333-8FDC-42A3-9474-1A3956D46DE8}") = "Logic", "Logic", "{F6CB3D37-1FF4-4EB7-9CFB-D1C7DE35E8BC}"
EndProject
Project("{FAE04EC0-301F-11D3-BF4B-00C04F79EFBC}") = "UI.Desktop", "UI.Desktop\UI.Desktop.csproj", "{749025B3-F89A-48FE-BE6B-8C8710A8AD8A}"
EndProject
Project("{FAE04EC0-301F-11D3-BF4B-00C04F79EFBC}") = "Logic.UI", "Logic.UI\Logic.UI.csproj", "{7D792953-75FB-4867-8A19-BC16E7627C3D}"
EndProject
Global
	GlobalSection(SolutionConfigurationPlatforms) = preSolution
		Debug|Any CPU = Debug|Any CPU
		Release|Any CPU = Release|Any CPU
	EndGlobalSection
	GlobalSection(ProjectConfigurationPlatforms) = postSolution
		{749025B3-F89A-48FE-BE6B-8C8710A8AD8A}.Debug|Any CPU.ActiveCfg = Debug|Any CPU
		{749025B3-F89A-48FE-BE6B-8C8710A8AD8A}.Debug|Any CPU.Build.0 = Debug|Any CPU
		{749025B3-F89A-48FE-BE6B-8C8710A8AD8A}.Release|Any CPU.ActiveCfg = Release|Any CPU
		{749025B3-F89A-48FE-BE6B-8C8710A8AD8A}.Release|Any CPU.Build.0 = Release|Any CPU
		{7D792953-75FB-4867-8A19-BC16E7627C3D}.Debug|Any CPU.ActiveCfg = Debug|Any CPU
		{7D792953-75FB-4867-8A19-BC16E7627C3D}.Debug|Any CPU.Build.0 = Debug|Any CPU
		{7D792953-75FB-4867-8A19-BC16E7627C3D}.Release|Any CPU.ActiveCfg = Release|Any CPU
		{7D792953-75FB-4867-8A19-BC16E7627C3D}.Release|Any CPU.Build.0 = Release|Any CPU
	EndGlobalSection
	GlobalSection(SolutionProperties) = preSolution
		HideSolutionNode = FALSE
	EndGlobalSection
	GlobalSection(NestedProjects) = preSolution
		{749025B3-F89A-48FE-BE6B-8C8710A8AD8A} = {35CF7AD5-33AB-4C24-B6C0-6C18CE8658F0}
		{7D792953-75FB-4867-8A19-BC16E7627C3D} = {F6CB3D37-1FF4-4EB7-9CFB-D1C7DE35E8BC}
	EndGlobalSection
	GlobalSection(ExtensibilityGlobals) = postSolution
		SolutionGuid = {AB431F9A-395F-4A96-8770-0075AAEF344A}
	EndGlobalSection
EndGlobal
